
Microsoft Visual Studio Solution File, Format Version 12.00
# Visual Studio 2012
Project("{FAE04EC0-301F-11D3-BF4B-00C04F79EFBC}") = "NoteGest", "NoteGest\NoteGest.csproj", "{EE8CE41C-541F-4ACA-935C-D4D13F000DBA}"
EndProject
Project("{FAE04EC0-301F-11D3-BF4B-00C04F79EFBC}") = "BLL", "BLL\BLL.csproj", "{1535BF06-FD9C-4188-8AB2-E8E0905ACF3F}"
EndProject
Project("{FAE04EC0-301F-11D3-BF4B-00C04F79EFBC}") = "DAL", "DAL\DAL.csproj", "{338D3944-FC81-4A47-BD65-FB46926FDA00}"
EndProject
Global
	GlobalSection(SolutionConfigurationPlatforms) = preSolution
		Debug|Any CPU = Debug|Any CPU
		Release|Any CPU = Release|Any CPU
	EndGlobalSection
	GlobalSection(ProjectConfigurationPlatforms) = postSolution
		{EE8CE41C-541F-4ACA-935C-D4D13F000DBA}.Debug|Any CPU.ActiveCfg = Debug|Any CPU
		{EE8CE41C-541F-4ACA-935C-D4D13F000DBA}.Debug|Any CPU.Build.0 = Debug|Any CPU
		{EE8CE41C-541F-4ACA-935C-D4D13F000DBA}.Release|Any CPU.ActiveCfg = Release|Any CPU
		{EE8CE41C-541F-4ACA-935C-D4D13F000DBA}.Release|Any CPU.Build.0 = Release|Any CPU
		{1535BF06-FD9C-4188-8AB2-E8E0905ACF3F}.Debug|Any CPU.ActiveCfg = Debug|Any CPU
		{1535BF06-FD9C-4188-8AB2-E8E0905ACF3F}.Debug|Any CPU.Build.0 = Debug|Any CPU
		{1535BF06-FD9C-4188-8AB2-E8E0905ACF3F}.Release|Any CPU.ActiveCfg = Release|Any CPU
		{1535BF06-FD9C-4188-8AB2-E8E0905ACF3F}.Release|Any CPU.Build.0 = Release|Any CPU
		{338D3944-FC81-4A47-BD65-FB46926FDA00}.Debug|Any CPU.ActiveCfg = Debug|Any CPU
		{338D3944-FC81-4A47-BD65-FB46926FDA00}.Debug|Any CPU.Build.0 = Debug|Any CPU
		{338D3944-FC81-4A47-BD65-FB46926FDA00}.Release|Any CPU.ActiveCfg = Release|Any CPU
		{338D3944-FC81-4A47-BD65-FB46926FDA00}.Release|Any CPU.Build.0 = Release|Any CPU
	EndGlobalSection
	GlobalSection(SolutionProperties) = preSolution
		HideSolutionNode = FALSE
	EndGlobalSection
EndGlobal
